
Microsoft Visual Studio Solution File, Format Version 12.00
# Visual Studio Version 17
VisualStudioVersion = 17.0.32126.317
MinimumVisualStudioVersion = 10.0.40219.1
Project("{FAE04EC0-301F-11D3-BF4B-00C04F79EFBC}") = "TradingEngineServer", "TradingEngine\TradingEngineServer.csproj", "{2BEF3C23-E250-48E8-B561-E043DF96E8E7}"
EndProject
Global
	GlobalSection(SolutionConfigurationPlatforms) = preSolution
		Debug|Any CPU = Debug|Any CPU
		Release|Any CPU = Release|Any CPU
	EndGlobalSection
	GlobalSection(ProjectConfigurationPlatforms) = postSolution
		{2BEF3C23-E250-48E8-B561-E043DF96E8E7}.Debug|Any CPU.ActiveCfg = Debug|Any CPU
		{2BEF3C23-E250-48E8-B561-E043DF96E8E7}.Debug|Any CPU.Build.0 = Debug|Any CPU
		{2BEF3C23-E250-48E8-B561-E043DF96E8E7}.Release|Any CPU.ActiveCfg = Release|Any CPU
		{2BEF3C23-E250-48E8-B561-E043DF96E8E7}.Release|Any CPU.Build.0 = Release|Any CPU
	EndGlobalSection
	GlobalSection(SolutionProperties) = preSolution
		HideSolutionNode = FALSE
	EndGlobalSection
	GlobalSection(ExtensibilityGlobals) = postSolution
		SolutionGuid = {3BFC847C-46F3-4880-BB8A-78D8DE8397BA}
	EndGlobalSection
EndGlobal
